// !$*UTF8*$!
{
	archiveVersion = 1;
	classes = {
	};
	objectVersion = 46;
	objects = {

/* Begin PBXBuildFile section */
		0F8D27CA16017D6B001A5AF7 /* UIKit.framework in Frameworks */ = {isa = PBXBuildFile; fileRef = 0F8D27C916017D6B001A5AF7 /* UIKit.framework */; };
		0F8D27CC16017D6B001A5AF7 /* Foundation.framework in Frameworks */ = {isa = PBXBuildFile; fileRef = 0F8D27CB16017D6B001A5AF7 /* Foundation.framework */; };
		0F8D27CE16017D6B001A5AF7 /* CoreGraphics.framework in Frameworks */ = {isa = PBXBuildFile; fileRef = 0F8D27CD16017D6B001A5AF7 /* CoreGraphics.framework */; };
		0F8D27D416017D6B001A5AF7 /* InfoPlist.strings in Resources */ = {isa = PBXBuildFile; fileRef = 0F8D27D216017D6B001A5AF7 /* InfoPlist.strings */; };
		0F8D27D616017D6B001A5AF7 /* main.m in Sources */ = {isa = PBXBuildFile; fileRef = 0F8D27D516017D6B001A5AF7 /* main.m */; };
		0F8D27DA16017D6B001A5AF7 /* text1AppDelegate.m in Sources */ = {isa = PBXBuildFile; fileRef = 0F8D27D916017D6B001A5AF7 /* text1AppDelegate.m */; };
/* End PBXBuildFile section */

/* Begin PBXFileReference section */
		0F8D27C516017D6B001A5AF7 /* dong1Hua.app */ = {isa = PBXFileReference; explicitFileType = wrapper.application; includeInIndex = 0; path = dong1Hua.app; sourceTree = BUILT_PRODUCTS_DIR; };
		0F8D27C916017D6B001A5AF7 /* UIKit.framework */ = {isa = PBXFileReference; lastKnownFileType = wrapper.framework; name = UIKit.framework; path = System/Library/Frameworks/UIKit.framework; sourceTree = SDKROOT; };
		0F8D27CB16017D6B001A5AF7 /* Foundation.framework */ = {isa = PBXFileReference; lastKnownFileType = wrapper.framework; name = Foundation.framework; path = System/Library/Frameworks/Foundation.framework; sourceTree = SDKROOT; };
		0F8D27CD16017D6B001A5AF7 /* CoreGraphics.framework */ = {isa = PBXFileReference; lastKnownFileType = wrapper.framework; name = CoreGraphics.framework; path = System/Library/Frameworks/CoreGraphics.framework; sourceTree = SDKROOT; };
		0F8D27D116017D6B001A5AF7 /* dong1Hua-Info.plist */ = {isa = PBXFileReference; path = "dong1Hua-Info.plist"; sourceTree = "<group>"; };
		0F8D27D316017D6B001A5AF7 /* en */ = {isa = PBXFileReference; lastKnownFileType = text.plist.strings; name = en; path = en.lproj/InfoPlist.strings; sourceTree = "<group>"; };
		0F8D27D516017D6B001A5AF7 /* main.m */ = {isa = PBXFileReference; lastKnownFileType = sourcecode.c.objc; path = main.m; sourceTree = "<group>"; };
		0F8D27D716017D6B001A5AF7 /* dong1Hua-Prefix.pch */ = {isa = PBXFileReference; path = "dong1Hua-Prefix.pch"; sourceTree = "<group>"; };
		0F8D27D816017D6B001A5AF7 /* text1AppDelegate.h */ = {isa = PBXFileReference; path = text1AppDelegate.h; sourceTree = "<group>"; };
		0F8D27D916017D6B001A5AF7 /* text1AppDelegate.m */ = {isa = PBXFileReference; lastKnownFileType = sourcecode.c.objc; path = text1AppDelegate.m; sourceTree = "<group>"; };
/* End PBXFileReference section */

/* Begin PBXFrameworksBuildPhase section */
		0F8D27C216017D6B001A5AF7 /* Frameworks */ = {
			isa = PBXFrameworksBuildPhase;
			buildActionMask = 2147483647;
			files = (
				0F8D27CA16017D6B001A5AF7 /* UIKit.framework in Frameworks */,
				0F8D27CC16017D6B001A5AF7 /* Foundation.framework in Frameworks */,
				0F8D27CE16017D6B001A5AF7 /* CoreGraphics.framework in Frameworks */,
			);
			runOnlyForDeploymentPostprocessing = 0;
		};
/* End PBXFrameworksBuildPhase section */

/* Begin PBXGroup section */
		0F8D27BA16017D6B001A5AF7 = {
			isa = PBXGroup;
			children = (
				0F8D27CF16017D6B001A5AF7 /* dong1Hua */,
				0F8D27C816017D6B001A5AF7 /* Frameworks */,
				0F8D27C616017D6B001A5AF7 /* Products */,
			);
			sourceTree = "<group>";
		};
		0F8D27C616017D6B001A5AF7 /* Products */ = {
			isa = PBXGroup;
			children = (
				0F8D27C516017D6B001A5AF7 /* dong1Hua.app */,
			);
			name = Products;
			sourceTree = "<group>";
		};
		0F8D27C816017D6B001A5AF7 /* Frameworks */ = {
			isa = PBXGroup;
			children = (
				0F8D27C916017D6B001A5AF7 /* UIKit.framework */,
				0F8D27CB16017D6B001A5AF7 /* Foundation.framework */,
				0F8D27CD16017D6B001A5AF7 /* CoreGraphics.framework */,
			);
			name = Frameworks;
			sourceTree = "<group>";
		};
		0F8D27CF16017D6B001A5AF7 /* dong1Hua */ = {
			isa = PBXGroup;
			children = (
				0F8D27D816017D6B001A5AF7 /* text1AppDelegate.h */,
				0F8D27D916017D6B001A5AF7 /* text1AppDelegate.m */,
				0F8D27D016017D6B001A5AF7 /* Supporting Files */,
			);
			path = dong1Hua;
			sourceTree = "<group>";
		};
		0F8D27D016017D6B001A5AF7 /* Supporting Files */ = {
			isa = PBXGroup;
			children = (
				0F8D27D116017D6B001A5AF7 /* dong1Hua-Info.plist */,
				0F8D27D216017D6B001A5AF7 /* InfoPlist.strings */,
				0F8D27D516017D6B001A5AF7 /* main.m */,
				0F8D27D716017D6B001A5AF7 /* dong1Hua-Prefix.pch */,
			);
			name = "Supporting Files";
			sourceTree = "<group>";
		};
/* End PBXGroup section */

/* Begin PBXNativeTarget section */
		0F8D27C416017D6B001A5AF7 /* dong1Hua */ = {
			isa = PBXNativeTarget;
			buildConfigurationList = 0F8D27DD16017D6B001A5AF7 /* Build configuration list for PBXNativeTarget "dong1Hua" */;
			buildPhases = (
				0F8D27C116017D6B001A5AF7 /* Sources */,
				0F8D27C216017D6B001A5AF7 /* Frameworks */,
				0F8D27C316017D6B001A5AF7 /* Resources */,
			);
			buildRules = (
			);
			dependencies = (
			);
			name = dong1Hua;
			productName = dong1Hua;
			productReference = 0F8D27C516017D6B001A5AF7 /* dong1Hua.app */;
			productType = "com.apple.product-type.application";
		};
/* End PBXNativeTarget section */

/* Begin PBXProject section */
		0F8D27BC16017D6B001A5AF7 /* Project object */ = {
			isa = PBXProject;
			attributes = {
				LastUpgradeCheck = 0420;
			};
			buildConfigurationList = 0F8D27BF16017D6B001A5AF7 /* Build configuration list for PBXProject "dong1Hua" */;
			compatibilityVersion = "Xcode 3.2";
			developmentRegion = English;
			hasScannedForEncodings = 0;
			knownRegions = (
				en,
			);
			mainGroup = 0F8D27BA16017D6B001A5AF7;
			productRefGroup = 0F8D27C616017D6B001A5AF7 /* Products */;
			projectDirPath = "";
			projectRoot = "";
			targets = (
				0F8D27C416017D6B001A5AF7 /* dong1Hua */,
			);
		};
/* End PBXProject section */

/* Begin PBXResourcesBuildPhase section */
		0F8D27C316017D6B001A5AF7 /* Resources */ = {
			isa = PBXResourcesBuildPhase;
			buildActionMask = 2147483647;
			files = (
				0F8D27D416017D6B001A5AF7 /* InfoPlist.strings in Resources */,
			);
			runOnlyForDeploymentPostprocessing = 0;
		};
/* End PBXResourcesBuildPhase section */

/* Begin PBXSourcesBuildPhase section */
		0F8D27C116017D6B001A5AF7 /* Sources */ = {
			isa = PBXSourcesBuildPhase;
			buildActionMask = 2147483647;
			files = (
				0F8D27D616017D6B001A5AF7 /* main.m in Sources */,
				0F8D27DA16017D6B001A5AF7 /* text1AppDelegate.m in Sources */,
			);
			runOnlyForDeploymentPostprocessing = 0;
		};
/* End PBXSourcesBuildPhase section */

/* Begin PBXVariantGroup section */
		0F8D27D216017D6B001A5AF7 /* InfoPlist.strings */ = {
			isa = PBXVariantGroup;
			children = (
				0F8D27D316017D6B001A5AF7 /* en */,
			);
			name = InfoPlist.strings;
			sourceTree = "<group>";
		};
/* End PBXVariantGroup section */

/* Begin XCBuildConfiguration section */
		0F8D27DB16017D6B001A5AF7 /* Debug */ = {
			isa = XCBuildConfiguration;
			buildSettings = {
				ALWAYS_SEARCH_USER_PATHS = NO;
				ARCHS = "$(ARCHS_STANDARD_32_BIT)";
				"CODE_SIGN_IDENTITY[sdk=iphoneos*]" = "iPhone Developer";
				COPY_PHASE_STRIP = NO;
				GCC_C_LANGUAGE_STANDARD = gnu99;
				GCC_DYNAMIC_NO_PIC = NO;
				GCC_OPTIMIZATION_LEVEL = 0;
				GCC_PREPROCESSOR_DEFINITIONS = (
					"DEBUG=1",
					"$(inherited)",
				);
				GCC_SYMBOLS_PRIVATE_EXTERN = NO;
				GCC_VERSION = com.apple.compilers.llvm.clang.1_0;
				GCC_WARN_ABOUT_MISSING_PROTOTYPES = YES;
				GCC_WARN_ABOUT_RETURN_TYPE = YES;
				GCC_WARN_UNUSED_VARIABLE = YES;
				IPHONEOS_DEPLOYMENT_TARGET = 5.0;
				SDKROOT = iphoneos;
			};
			name = Debug;
		};
		0F8D27DC16017D6B001A5AF7 /* Release */ = {
			isa = XCBuildConfiguration;
			buildSettings = {
				ALWAYS_SEARCH_USER_PATHS = NO;
				ARCHS = "$(ARCHS_STANDARD_32_BIT)";
				"CODE_SIGN_IDENTITY[sdk=iphoneos*]" = "iPhone Developer";
				COPY_PHASE_STRIP = YES;
				GCC_C_LANGUAGE_STANDARD = gnu99;
				GCC_VERSION = com.apple.compilers.llvm.clang.1_0;
				GCC_WARN_ABOUT_MISSING_PROTOTYPES = YES;
				GCC_WARN_ABOUT_RETURN_TYPE = YES;
				GCC_WARN_UNUSED_VARIABLE = YES;
				IPHONEOS_DEPLOYMENT_TARGET = 5.0;
				OTHER_CFLAGS = "-DNS_BLOCK_ASSERTIONS=1";
				SDKROOT = iphoneos;
				VALIDATE_PRODUCT = YES;
			};
			name = Release;
		};
		0F8D27DE16017D6B001A5AF7 /* Debug */ = {
			isa = XCBuildConfiguration;
			buildSettings = {
				GCC_PRECOMPILE_PREFIX_HEADER = YES;
				GCC_PREFIX_HEADER = "dong1Hua/dong1Hua-Prefix.pch";
				INFOPLIST_FILE = "dong1Hua/dong1Hua-Info.plist";
				PRODUCT_NAME = "$(TARGET_NAME)";
				WRAPPER_EXTENSION = app;
			};
			name = Debug;
		};
		0F8D27DF16017D6B001A5AF7 /* Release */ = {
			isa = XCBuildConfiguration;
			buildSettings = {
				GCC_PRECOMPILE_PREFIX_HEADER = YES;
				GCC_PREFIX_HEADER = "dong1Hua/dong1Hua-Prefix.pch";
				INFOPLIST_FILE = "dong1Hua/dong1Hua-Info.plist";
				PRODUCT_NAME = "$(TARGET_NAME)";
				WRAPPER_EXTENSION = app;
			};
			name = Release;
		};
/* End XCBuildConfiguration section */

/* Begin XCConfigurationList section */
		0F8D27BF16017D6B001A5AF7 /* Build configuration list for PBXProject "dong1Hua" */ = {
			isa = XCConfigurationList;
			buildConfigurations = (
				0F8D27DB16017D6B001A5AF7 /* Debug */,
				0F8D27DC16017D6B001A5AF7 /* Release */,
			);
			defaultConfigurationIsVisible = 0;
			defaultConfigurationName = Release;
		};
		0F8D27DD16017D6B001A5AF7 /* Build configuration list for PBXNativeTarget "dong1Hua" */ = {
			isa = XCConfigurationList;
			buildConfigurations = (
				0F8D27DE16017D6B001A5AF7 /* Debug */,
				0F8D27DF16017D6B001A5AF7 /* Release */,
			);
			defaultConfigurationIsVisible = 0;
		};
/* End XCConfigurationList section */
	};
	rootObject = 0F8D27BC16017D6B001A5AF7 /* Project object */;
}
